# This file is automatically @generated by Cargo.
# It is not intended for manual editing.
[[package]]
name = "cc"
version = "1.0.66"
source = "registry+https://github.com/rust-lang/crates.io-index"
checksum = "4c0496836a84f8d0495758516b8621a622beb77c0fed418570e50764093ced48"

[[package]]
name = "cty"
version = "0.2.1"
source = "registry+https://github.com/rust-lang/crates.io-index"
checksum = "7313c0d620d0cb4dbd9d019e461a4beb501071ff46ec0ab933efb4daa76d73e3"

[[package]]
name = "nanos_sdk"
version = "0.1.0"
source = "git+https://github.com/LedgerHQ/ledger-nanos-sdk.git#56c5859915dacacdae3597c16edc333f9044b00d"
dependencies = [
 "cc",
 "cty",
]

[[package]]
name = "nanos_ui"
version = "0.1.0"
source = "git+https://github.com/LedgerHQ/ledger-nanos-ui.git#45777714fe567bc7dfe858d65fcf8495a3edc2e1"
dependencies = [
 "nanos_sdk",
]

[[package]]
name = "rust-app"
version = "0.2.0"
dependencies = [
 "nanos_sdk",
 "nanos_ui",
]
